
Microsoft Visual Studio Solution File, Format Version 12.00
# Visual Studio Version 17
VisualStudioVersion = 17.3.32901.215
MinimumVisualStudioVersion = 10.0.40219.1
Project("{FAE04EC0-301F-11D3-BF4B-00C04F79EFBC}") = "InventoryManagementWebAPI", "InventoryManagementWebAPI.csproj", "{B6405A32-12B9-4F2F-9592-01D57188F63B}"
EndProject
Global
	GlobalSection(SolutionConfigurationPlatforms) = preSolution
		Debug|Any CPU = Debug|Any CPU
		Release|Any CPU = Release|Any CPU
	EndGlobalSection
	GlobalSection(ProjectConfigurationPlatforms) = postSolution
		{B6405A32-12B9-4F2F-9592-01D57188F63B}.Debug|Any CPU.ActiveCfg = Debug|Any CPU
		{B6405A32-12B9-4F2F-9592-01D57188F63B}.Debug|Any CPU.Build.0 = Debug|Any CPU
		{B6405A32-12B9-4F2F-9592-01D57188F63B}.Release|Any CPU.ActiveCfg = Release|Any CPU
		{B6405A32-12B9-4F2F-9592-01D57188F63B}.Release|Any CPU.Build.0 = Release|Any CPU
	EndGlobalSection
	GlobalSection(SolutionProperties) = preSolution
		HideSolutionNode = FALSE
	EndGlobalSection
	GlobalSection(ExtensibilityGlobals) = postSolution
		SolutionGuid = {3DA931BE-B4C2-47C8-B971-785F7F7A1A0C}
	EndGlobalSection
EndGlobal
